
Microsoft Visual Studio Solution File, Format Version 12.00
# Visual Studio Version 16
VisualStudioVersion = 16.0.29102.190
MinimumVisualStudioVersion = 10.0.40219.1
Project("{FAE04EC0-301F-11D3-BF4B-00C04F79EFBC}") = "WFA_ArrayMethods", "WFA_ArrayMethods\WFA_ArrayMethods.csproj", "{6A05ECB6-CD5B-4CF8-B298-396FFBC3906C}"
EndProject
Global
	GlobalSection(SolutionConfigurationPlatforms) = preSolution
		Debug|Any CPU = Debug|Any CPU
		Release|Any CPU = Release|Any CPU
	EndGlobalSection
	GlobalSection(ProjectConfigurationPlatforms) = postSolution
		{6A05ECB6-CD5B-4CF8-B298-396FFBC3906C}.Debug|Any CPU.ActiveCfg = Debug|Any CPU
		{6A05ECB6-CD5B-4CF8-B298-396FFBC3906C}.Debug|Any CPU.Build.0 = Debug|Any CPU
		{6A05ECB6-CD5B-4CF8-B298-396FFBC3906C}.Release|Any CPU.ActiveCfg = Release|Any CPU
		{6A05ECB6-CD5B-4CF8-B298-396FFBC3906C}.Release|Any CPU.Build.0 = Release|Any CPU
	EndGlobalSection
	GlobalSection(SolutionProperties) = preSolution
		HideSolutionNode = FALSE
	EndGlobalSection
	GlobalSection(ExtensibilityGlobals) = postSolution
		SolutionGuid = {FA997665-EA1D-4023-9CB7-CE92B60A7A74}
	EndGlobalSection
EndGlobal
